# APEX runtime lockfile
# Generated by scripts/generate_lockfiles.sh — do not edit by hand.
# Regenerate: bash scripts/generate_lockfiles.sh
#
alembic==1.19.0
androguard==4.1.4
apkInspector==1.3.6
asn1crypto==1.5.1
asttokens==3.0.2
cffi==2.1.1
click==8.4.2
colorama==0.4.6
cryptography==50.0.0
dataset==2.0.0
executing==2.2.1
greenlet==3.5.4
ipython==9.16.1
ipython_pygments_lexers==1.1.1
jedi==0.20.0
Jinja2==3.1.6
loguru==0.7.3
lxml==6.1.1
Mako==1.4.0
MarkupSafe==3.0.3
matplotlib-inline==0.2.2
mutf8==1.1.0
networkx==3.6.1
packaging==26.3
parso==0.8.7
pexpect==4.9.0
prompt_toolkit==3.0.53
psutil==7.2.2
ptyprocess==0.7.0
pure_eval==0.2.3
pycparser==3.0
pydot==4.0.1
Pygments==2.20.0
pyparsing==3.3.2
PyYAML==6.0.3
SQLAlchemy==2.0.51
stack-data==0.6.3
traitlets==5.16.1
typing_extensions==4.16.0
wcwidth==0.8.2
